Microsoft Visual Studio Solution File, Format Version 12.00
# Visual Studio Version 17
VisualStudioVersion = 17.5.2.0
MinimumVisualStudioVersion = 10.0.40219.1
Project("{FAE04EC0-301F-11D3-BF4B-00C04F79EFBC}") = "HomeCare.Api", "HomeCare.Api.csproj", "{8BC5DEDB-1102-A654-4E52-6808FBBCA028}"
EndProject
Project("{FAE04EC0-301F-11D3-BF4B-00C04F79EFBC}") = "HomeCare.Tests", "..\HomeCare.Tests\HomeCare.Tests.csproj", "{44A95709-7C79-415A-B32B-50035A6AE474}"
EndProject
Global
	GlobalSection(SolutionConfigurationPlatforms) = preSolution
		Debug|Any CPU = Debug|Any CPU
		Release|Any CPU = Release|Any CPU
	EndGlobalSection
	GlobalSection(ProjectConfigurationPlatforms) = postSolution
		{8BC5DEDB-1102-A654-4E52-6808FBBCA028}.Debug|Any CPU.ActiveCfg = Debug|Any CPU
		{8BC5DEDB-1102-A654-4E52-6808FBBCA028}.Debug|Any CPU.Build.0 = Debug|Any CPU
		{8BC5DEDB-1102-A654-4E52-6808FBBCA028}.Release|Any CPU.ActiveCfg = Release|Any CPU
		{8BC5DEDB-1102-A654-4E52-6808FBBCA028}.Release|Any CPU.Build.0 = Release|Any CPU
		{44A95709-7C79-415A-B32B-50035A6AE474}.Debug|Any CPU.ActiveCfg = Debug|Any CPU
		{44A95709-7C79-415A-B32B-50035A6AE474}.Debug|Any CPU.Build.0 = Debug|Any CPU
		{44A95709-7C79-415A-B32B-50035A6AE474}.Release|Any CPU.ActiveCfg = Release|Any CPU
		{44A95709-7C79-415A-B32B-50035A6AE474}.Release|Any CPU.Build.0 = Release|Any CPU
	EndGlobalSection
	GlobalSection(SolutionProperties) = preSolution
		HideSolutionNode = FALSE
	EndGlobalSection
	GlobalSection(ExtensibilityGlobals) = postSolution
		SolutionGuid = {A84ECF3C-C0BB-45DE-973B-289588184671}
	EndGlobalSection
EndGlobal
